// !$*UTF8*$!
{
	archiveVersion = 1;
	classes = {
	};
	objectVersion = 46;
	objects = {

/* Begin PBXBuildFile section */
		FF0C20AC1C07F64900A28034 /* main.m in Sources */ = {isa = PBXBuildFile; fileRef = FF0C20AB1C07F64900A28034 /* main.m */; };
		FF0C20AF1C07F64900A28034 /* AppDelegate.m in Sources */ = {isa = PBXBuildFile; fileRef = FF0C20AE1C07F64900A28034 /* AppDelegate.m */; };
		FF0C20B21C07F64900A28034 /* ViewController.m in Sources */ = {isa = PBXBuildFile; fileRef = FF0C20B11C07F64900A28034 /* ViewController.m */; };
		FF0C20B51C07F64900A28034 /* Main.storyboard in Resources */ = {isa = PBXBuildFile; fileRef = FF0C20B31C07F64900A28034 /* Main.storyboard */; };
		FF0C20B81C07F64900A28034 /* HPPasscodeView.xcdatamodeld in Sources */ = {isa = PBXBuildFile; fileRef = FF0C20B61C07F64900A28034 /* HPPasscodeView.xcdatamodeld */; };
		FF0C20BA1C07F64900A28034 /* Assets.xcassets in Resources */ = {isa = PBXBuildFile; fileRef = FF0C20B91C07F64900A28034 /* Assets.xcassets */; };
		FF0C20BD1C07F64900A28034 /* LaunchScreen.storyboard in Resources */ = {isa = PBXBuildFile; fileRef = FF0C20BB1C07F64900A28034 /* LaunchScreen.storyboard */; };
		FF0C20E21C07F7A600A28034 /* HPPasscodeView.m in Sources */ = {isa = PBXBuildFile; fileRef = FF0C20C61C07F7A600A28034 /* HPPasscodeView.m */; };
		FF0C20E31C07F7A600A28034 /* UIColor+ColorExt.m in Sources */ = {isa = PBXBuildFile; fileRef = FF0C20CB1C07F7A600A28034 /* UIColor+ColorExt.m */; };
		FF0C20E41C07F7A600A28034 /* UIView+ViewExt.m in Sources */ = {isa = PBXBuildFile; fileRef = FF0C20CD1C07F7A600A28034 /* UIView+ViewExt.m */; };
		FF0C20E51C07F7A600A28034 /* HPLine.m in Sources */ = {isa = PBXBuildFile; fileRef = FF0C20D01C07F7A600A28034 /* HPLine.m */; };
		FF0C20E61C07F7A600A28034 /* HPShadowLine.m in Sources */ = {isa = PBXBuildFile; fileRef = FF0C20D21C07F7A600A28034 /* HPShadowLine.m */; };
		FF0C20E81C07F7A600A28034 /* HPPasswordStorage.m in Sources */ = {isa = PBXBuildFile; fileRef = FF0C20D81C07F7A600A28034 /* HPPasswordStorage.m */; };
		FF0C20E91C07F7A600A28034 /* HPFixedLengthPasscodeView.m in Sources */ = {isa = PBXBuildFile; fileRef = FF0C20DB1C07F7A600A28034 /* HPFixedLengthPasscodeView.m */; };
		FF0C20EA1C07F7A600A28034 /* HPDotView.m in Sources */ = {isa = PBXBuildFile; fileRef = FF0C20DD1C07F7A600A28034 /* HPDotView.m */; };
		FF0C20EB1C07F7A600A28034 /* HPDotViewAppearance.m in Sources */ = {isa = PBXBuildFile; fileRef = FF0C20DF1C07F7A600A28034 /* HPDotViewAppearance.m */; };
		FF0C20EC1C07F7A600A28034 /* HPSecurityInputPasscodeView.m in Sources */ = {isa = PBXBuildFile; fileRef = FF0C20E11C07F7A600A28034 /* HPSecurityInputPasscodeView.m */; };
		FF0C20EF1C07F8C200A28034 /* DemoViewController.m in Sources */ = {isa = PBXBuildFile; fileRef = FF0C20EE1C07F8C200A28034 /* DemoViewController.m */; };
		FF0C20F21C080B0000A28034 /* SettingViewController.m in Sources */ = {isa = PBXBuildFile; fileRef = FF0C20F11C080B0000A28034 /* SettingViewController.m */; };
/* End PBXBuildFile section */

/* Begin PBXFileReference section */
		FF0C20A71C07F64900A28034 /* HPPasscodeView.app */ = {isa = PBXFileReference; explicitFileType = wrapper.application; includeInIndex = 0; path = HPPasscodeView.app; sourceTree = BUILT_PRODUCTS_DIR; };
		FF0C20AB1C07F64900A28034 /* main.m */ = {isa = PBXFileReference; lastKnownFileType = sourcecode.c.objc; path = main.m; sourceTree = "<group>"; };
		FF0C20AD1C07F64900A28034 /* AppDelegate.h */ = {isa = PBXFileReference; lastKnownFileType = sourcecode.c.h; path = AppDelegate.h; sourceTree = "<group>"; };
		FF0C20AE1C07F64900A28034 /* AppDelegate.m */ = {isa = PBXFileReference; lastKnownFileType = sourcecode.c.objc; path = AppDelegate.m; sourceTree = "<group>"; };
		FF0C20B01C07F64900A28034 /* ViewController.h */ = {isa = PBXFileReference; lastKnownFileType = sourcecode.c.h; path = ViewController.h; sourceTree = "<group>"; };
		FF0C20B11C07F64900A28034 /* ViewController.m */ = {isa = PBXFileReference; lastKnownFileType = sourcecode.c.objc; path = ViewController.m; sourceTree = "<group>"; };
		FF0C20B41C07F64900A28034 /* Base */ = {isa = PBXFileReference; lastKnownFileType = file.storyboard; name = Base; path = Base.lproj/Main.storyboard; sourceTree = "<group>"; };
		FF0C20B71C07F64900A28034 /* HPPasscodeView.xcdatamodel */ = {isa = PBXFileReference; lastKnownFileType = wrapper.xcdatamodel; path = HPPasscodeView.xcdatamodel; sourceTree = "<group>"; };
		FF0C20B91C07F64900A28034 /* Assets.xcassets */ = {isa = PBXFileReference; lastKnownFileType = folder.assetcatalog; path = Assets.xcassets; sourceTree = "<group>"; };
		FF0C20BC1C07F64900A28034 /* Base */ = {isa = PBXFileReference; lastKnownFileType = file.storyboard; name = Base; path = Base.lproj/LaunchScreen.storyboard; sourceTree = "<group>"; };
		FF0C20BE1C07F64900A28034 /* Info.plist */ = {isa = PBXFileReference; lastKnownFileType = text.plist.xml; path = Info.plist; sourceTree = "<group>"; };
		FF0C20C51C07F7A600A28034 /* HPPasscodeView.h */ = {isa = PBXFileReference; fileEncoding = 4; lastKnownFileType = sourcecode.c.h; path = HPPasscodeView.h; sourceTree = "<group>"; };
		FF0C20C61C07F7A600A28034 /* HPPasscodeView.m */ = {isa = PBXFileReference; fileEncoding = 4; lastKnownFileType = sourcecode.c.objc; path = HPPasscodeView.m; sourceTree = "<group>"; };
		FF0C20C81C07F7A600A28034 /* HPCommonMacro.h */ = {isa = PBXFileReference; fileEncoding = 4; lastKnownFileType = sourcecode.c.h; path = HPCommonMacro.h; sourceTree = "<group>"; };
		FF0C20CA1C07F7A600A28034 /* UIColor+ColorExt.h */ = {isa = PBXFileReference; fileEncoding = 4; lastKnownFileType = sourcecode.c.h; path = "UIColor+ColorExt.h"; sourceTree = "<group>"; };
		FF0C20CB1C07F7A600A28034 /* UIColor+ColorExt.m */ = {isa = PBXFileReference; fileEncoding = 4; lastKnownFileType = sourcecode.c.objc; path = "UIColor+ColorExt.m"; sourceTree = "<group>"; };
		FF0C20CC1C07F7A600A28034 /* UIView+ViewExt.h */ = {isa = PBXFileReference; fileEncoding = 4; lastKnownFileType = sourcecode.c.h; path = "UIView+ViewExt.h"; sourceTree = "<group>"; };
		FF0C20CD1C07F7A600A28034 /* UIView+ViewExt.m */ = {isa = PBXFileReference; fileEncoding = 4; lastKnownFileType = sourcecode.c.objc; path = "UIView+ViewExt.m"; sourceTree = "<group>"; };
		FF0C20CF1C07F7A600A28034 /* HPLine.h */ = {isa = PBXFileReference; fileEncoding = 4; lastKnownFileType = sourcecode.c.h; path = HPLine.h; sourceTree = "<group>"; };
		FF0C20D01C07F7A600A28034 /* HPLine.m */ = {isa = PBXFileReference; fileEncoding = 4; lastKnownFileType = sourcecode.c.objc; path = HPLine.m; sourceTree = "<group>"; };
		FF0C20D11C07F7A600A28034 /* HPShadowLine.h */ = {isa = PBXFileReference; fileEncoding = 4; lastKnownFileType = sourcecode.c.h; path = HPShadowLine.h; sourceTree = "<group>"; };
		FF0C20D21C07F7A600A28034 /* HPShadowLine.m */ = {isa = PBXFileReference; fileEncoding = 4; lastKnownFileType = sourcecode.c.objc; path = HPShadowLine.m; sourceTree = "<group>"; };
		FF0C20D71C07F7A600A28034 /* HPPasswordStorage.h */ = {isa = PBXFileReference; fileEncoding = 4; lastKnownFileType = sourcecode.c.h; path = HPPasswordStorage.h; sourceTree = "<group>"; };
		FF0C20D81C07F7A600A28034 /* HPPasswordStorage.m */ = {isa = PBXFileReference; fileEncoding = 4; lastKnownFileType = sourcecode.c.objc; path = HPPasswordStorage.m; sourceTree = "<group>"; };
		FF0C20DA1C07F7A600A28034 /* HPFixedLengthPasscodeView.h */ = {isa = PBXFileReference; fileEncoding = 4; lastKnownFileType = sourcecode.c.h; path = HPFixedLengthPasscodeView.h; sourceTree = "<group>"; };
		FF0C20DB1C07F7A600A28034 /* HPFixedLengthPasscodeView.m */ = {isa = PBXFileReference; fileEncoding = 4; lastKnownFileType = sourcecode.c.objc; path = HPFixedLengthPasscodeView.m; sourceTree = "<group>"; };
		FF0C20DC1C07F7A600A28034 /* HPDotView.h */ = {isa = PBXFileReference; fileEncoding = 4; lastKnownFileType = sourcecode.c.h; path = HPDotView.h; sourceTree = "<group>"; };
		FF0C20DD1C07F7A600A28034 /* HPDotView.m */ = {isa = PBXFileReference; fileEncoding = 4; lastKnownFileType = sourcecode.c.objc; path = HPDotView.m; sourceTree = "<group>"; };
		FF0C20DE1C07F7A600A28034 /* HPDotViewAppearance.h */ = {isa = PBXFileReference; fileEncoding = 4; lastKnownFileType = sourcecode.c.h; path = HPDotViewAppearance.h; sourceTree = "<group>"; };
		FF0C20DF1C07F7A600A28034 /* HPDotViewAppearance.m */ = {isa = PBXFileReference; fileEncoding = 4; lastKnownFileType = sourcecode.c.objc; path = HPDotViewAppearance.m; sourceTree = "<group>"; };
		FF0C20E01C07F7A600A28034 /* HPSecurityInputPasscodeView.h */ = {isa = PBXFileReference; fileEncoding = 4; lastKnownFileType = sourcecode.c.h; path = HPSecurityInputPasscodeView.h; sourceTree = "<group>"; };
		FF0C20E11C07F7A600A28034 /* HPSecurityInputPasscodeView.m */ = {isa = PBXFileReference; fileEncoding = 4; lastKnownFileType = sourcecode.c.objc; path = HPSecurityInputPasscodeView.m; sourceTree = "<group>"; };
		FF0C20ED1C07F8C200A28034 /* DemoViewController.h */ = {isa = PBXFileReference; fileEncoding = 4; lastKnownFileType = sourcecode.c.h; path = DemoViewController.h; sourceTree = "<group>"; };
		FF0C20EE1C07F8C200A28034 /* DemoViewController.m */ = {isa = PBXFileReference; fileEncoding = 4; lastKnownFileType = sourcecode.c.objc; path = DemoViewController.m; sourceTree = "<group>"; };
		FF0C20F01C080B0000A28034 /* SettingViewController.h */ = {isa = PBXFileReference; fileEncoding = 4; lastKnownFileType = sourcecode.c.h; path = SettingViewController.h; sourceTree = "<group>"; };
		FF0C20F11C080B0000A28034 /* SettingViewController.m */ = {isa = PBXFileReference; fileEncoding = 4; lastKnownFileType = sourcecode.c.objc; path = SettingViewController.m; sourceTree = "<group>"; };
/* End PBXFileReference section */

/* Begin PBXFrameworksBuildPhase section */
		FF0C20A41C07F64900A28034 /* Frameworks */ = {
			isa = PBXFrameworksBuildPhase;
			buildActionMask = 2147483647;
			files = (
			);
			runOnlyForDeploymentPostprocessing = 0;
		};
/* End PBXFrameworksBuildPhase section */

/* Begin PBXGroup section */
		FF0C209E1C07F64900A28034 = {
			isa = PBXGroup;
			children = (
				FF0C20A91C07F64900A28034 /* HPPasscodeView */,
				FF0C20A81C07F64900A28034 /* Products */,
			);
			sourceTree = "<group>";
		};
		FF0C20A81C07F64900A28034 /* Products */ = {
			isa = PBXGroup;
			children = (
				FF0C20A71C07F64900A28034 /* HPPasscodeView.app */,
			);
			name = Products;
			sourceTree = "<group>";
		};
		FF0C20A91C07F64900A28034 /* HPPasscodeView */ = {
			isa = PBXGroup;
			children = (
				FF0C20C41C07F7A600A28034 /* Core */,
				FF0C20D31C07F7A600A28034 /* Demos */,
				FF0C20AD1C07F64900A28034 /* AppDelegate.h */,
				FF0C20AE1C07F64900A28034 /* AppDelegate.m */,
				FF0C20B01C07F64900A28034 /* ViewController.h */,
				FF0C20B11C07F64900A28034 /* ViewController.m */,
				FF0C20B31C07F64900A28034 /* Main.storyboard */,
				FF0C20B91C07F64900A28034 /* Assets.xcassets */,
				FF0C20BB1C07F64900A28034 /* LaunchScreen.storyboard */,
				FF0C20BE1C07F64900A28034 /* Info.plist */,
				FF0C20B61C07F64900A28034 /* HPPasscodeView.xcdatamodeld */,
				FF0C20AA1C07F64900A28034 /* Supporting Files */,
			);
			path = HPPasscodeView;
			sourceTree = "<group>";
		};
		FF0C20AA1C07F64900A28034 /* Supporting Files */ = {
			isa = PBXGroup;
			children = (
				FF0C20AB1C07F64900A28034 /* main.m */,
			);
			name = "Supporting Files";
			sourceTree = "<group>";
		};
		FF0C20C41C07F7A600A28034 /* Core */ = {
			isa = PBXGroup;
			children = (
				FF0C20C51C07F7A600A28034 /* HPPasscodeView.h */,
				FF0C20C61C07F7A600A28034 /* HPPasscodeView.m */,
				FF0C20C71C07F7A600A28034 /* Utils */,
			);
			path = Core;
			sourceTree = "<group>";
		};
		FF0C20C71C07F7A600A28034 /* Utils */ = {
			isa = PBXGroup;
			children = (
				FF0C20C81C07F7A600A28034 /* HPCommonMacro.h */,
				FF0C20C91C07F7A600A28034 /* HPExtensionKit */,
				FF0C20CE1C07F7A600A28034 /* HPLineView */,
			);
			path = Utils;
			sourceTree = "<group>";
		};
		FF0C20C91C07F7A600A28034 /* HPExtensionKit */ = {
			isa = PBXGroup;
			children = (
				FF0C20CA1C07F7A600A28034 /* UIColor+ColorExt.h */,
				FF0C20CB1C07F7A600A28034 /* UIColor+ColorExt.m */,
				FF0C20CC1C07F7A600A28034 /* UIView+ViewExt.h */,
				FF0C20CD1C07F7A600A28034 /* UIView+ViewExt.m */,
			);
			path = HPExtensionKit;
			sourceTree = "<group>";
		};
		FF0C20CE1C07F7A600A28034 /* HPLineView */ = {
			isa = PBXGroup;
			children = (
				FF0C20CF1C07F7A600A28034 /* HPLine.h */,
				FF0C20D01C07F7A600A28034 /* HPLine.m */,
				FF0C20D11C07F7A600A28034 /* HPShadowLine.h */,
				FF0C20D21C07F7A600A28034 /* HPShadowLine.m */,
			);
			path = HPLineView;
			sourceTree = "<group>";
		};
		FF0C20D31C07F7A600A28034 /* Demos */ = {
			isa = PBXGroup;
			children = (
				FF0C20D41C07F7A600A28034 /* DemoViewControllers */,
				FF0C20D71C07F7A600A28034 /* HPPasswordStorage.h */,
				FF0C20D81C07F7A600A28034 /* HPPasswordStorage.m */,
				FF0C20D91C07F7A600A28034 /* SDViews */,
			);
			path = Demos;
			sourceTree = "<group>";
		};
		FF0C20D41C07F7A600A28034 /* DemoViewControllers */ = {
			isa = PBXGroup;
			children = (
				FF0C20ED1C07F8C200A28034 /* DemoViewController.h */,
				FF0C20EE1C07F8C200A28034 /* DemoViewController.m */,
				FF0C20F01C080B0000A28034 /* SettingViewController.h */,
				FF0C20F11C080B0000A28034 /* SettingViewController.m */,
			);
			path = DemoViewControllers;
			sourceTree = "<group>";
		};
		FF0C20D91C07F7A600A28034 /* SDViews */ = {
			isa = PBXGroup;
			children = (
				FF0C20DA1C07F7A600A28034 /* HPFixedLengthPasscodeView.h */,
				FF0C20DB1C07F7A600A28034 /* HPFixedLengthPasscodeView.m */,
				FF0C20DC1C07F7A600A28034 /* HPDotView.h */,
				FF0C20DD1C07F7A600A28034 /* HPDotView.m */,
				FF0C20DE1C07F7A600A28034 /* HPDotViewAppearance.h */,
				FF0C20DF1C07F7A600A28034 /* HPDotViewAppearance.m */,
				FF0C20E01C07F7A600A28034 /* HPSecurityInputPasscodeView.h */,
				FF0C20E11C07F7A600A28034 /* HPSecurityInputPasscodeView.m */,
			);
			path = SDViews;
			sourceTree = "<group>";
		};
/* End PBXGroup section */

/* Begin PBXNativeTarget section */
		FF0C20A61C07F64900A28034 /* HPPasscodeView */ = {
			isa = PBXNativeTarget;
			buildConfigurationList = FF0C20C11C07F64900A28034 /* Build configuration list for PBXNativeTarget "HPPasscodeView" */;
			buildPhases = (
				FF0C20A31C07F64900A28034 /* Sources */,
				FF0C20A41C07F64900A28034 /* Frameworks */,
				FF0C20A51C07F64900A28034 /* Resources */,
			);
			buildRules = (
			);
			dependencies = (
			);
			name = HPPasscodeView;
			productName = HPPasscodeView;
			productReference = FF0C20A71C07F64900A28034 /* HPPasscodeView.app */;
			productType = "com.apple.product-type.application";
		};
/* End PBXNativeTarget section */

/* Begin PBXProject section */
		FF0C209F1C07F64900A28034 /* Project object */ = {
			isa = PBXProject;
			attributes = {
				LastUpgradeCheck = 0710;
				ORGANIZATIONNAME = "Hu, Peng";
				TargetAttributes = {
					FF0C20A61C07F64900A28034 = {
						CreatedOnToolsVersion = 7.1.1;
					};
				};
			};
			buildConfigurationList = FF0C20A21C07F64900A28034 /* Build configuration list for PBXProject "HPPasscodeView" */;
			compatibilityVersion = "Xcode 3.2";
			developmentRegion = English;
			hasScannedForEncodings = 0;
			knownRegions = (
				en,
				Base,
			);
			mainGroup = FF0C209E1C07F64900A28034;
			productRefGroup = FF0C20A81C07F64900A28034 /* Products */;
			projectDirPath = "";
			projectRoot = "";
			targets = (
				FF0C20A61C07F64900A28034 /* HPPasscodeView */,
			);
		};
/* End PBXProject section */

/* Begin PBXResourcesBuildPhase section */
		FF0C20A51C07F64900A28034 /* Resources */ = {
			isa = PBXResourcesBuildPhase;
			buildActionMask = 2147483647;
			files = (
				FF0C20BD1C07F64900A28034 /* LaunchScreen.storyboard in Resources */,
				FF0C20BA1C07F64900A28034 /* Assets.xcassets in Resources */,
				FF0C20B51C07F64900A28034 /* Main.storyboard in Resources */,
			);
			runOnlyForDeploymentPostprocessing = 0;
		};
/* End PBXResourcesBuildPhase section */

/* Begin PBXSourcesBuildPhase section */
		FF0C20A31C07F64900A28034 /* Sources */ = {
			isa = PBXSourcesBuildPhase;
			buildActionMask = 2147483647;
			files = (
				FF0C20EA1C07F7A600A28034 /* HPDotView.m in Sources */,
				FF0C20EB1C07F7A600A28034 /* HPDotViewAppearance.m in Sources */,
				FF0C20F21C080B0000A28034 /* SettingViewController.m in Sources */,
				FF0C20B81C07F64900A28034 /* HPPasscodeView.xcdatamodeld in Sources */,
				FF0C20EF1C07F8C200A28034 /* DemoViewController.m in Sources */,
				FF0C20E91C07F7A600A28034 /* HPFixedLengthPasscodeView.m in Sources */,
				FF0C20E41C07F7A600A28034 /* UIView+ViewExt.m in Sources */,
				FF0C20E21C07F7A600A28034 /* HPPasscodeView.m in Sources */,
				FF0C20E51C07F7A600A28034 /* HPLine.m in Sources */,
				FF0C20E61C07F7A600A28034 /* HPShadowLine.m in Sources */,
				FF0C20E81C07F7A600A28034 /* HPPasswordStorage.m in Sources */,
				FF0C20B21C07F64900A28034 /* ViewController.m in Sources */,
				FF0C20E31C07F7A600A28034 /* UIColor+ColorExt.m in Sources */,
				FF0C20AF1C07F64900A28034 /* AppDelegate.m in Sources */,
				FF0C20AC1C07F64900A28034 /* main.m in Sources */,
				FF0C20EC1C07F7A600A28034 /* HPSecurityInputPasscodeView.m in Sources */,
			);
			runOnlyForDeploymentPostprocessing = 0;
		};
/* End PBXSourcesBuildPhase section */

/* Begin PBXVariantGroup section */
		FF0C20B31C07F64900A28034 /* Main.storyboard */ = {
			isa = PBXVariantGroup;
			children = (
				FF0C20B41C07F64900A28034 /* Base */,
			);
			name = Main.storyboard;
			sourceTree = "<group>";
		};
		FF0C20BB1C07F64900A28034 /* LaunchScreen.storyboard */ = {
			isa = PBXVariantGroup;
			children = (
				FF0C20BC1C07F64900A28034 /* Base */,
			);
			name = LaunchScreen.storyboard;
			sourceTree = "<group>";
		};
/* End PBXVariantGroup section */

/* Begin XCBuildConfiguration section */
		FF0C20BF1C07F64900A28034 /* Debug */ = {
			isa = XCBuildConfiguration;
			buildSettings = {
				ALWAYS_SEARCH_USER_PATHS = NO;
				CLANG_CXX_LANGUAGE_STANDARD = "gnu++0x";
				CLANG_CXX_LIBRARY = "libc++";
				CLANG_ENABLE_MODULES = YES;
				CLANG_ENABLE_OBJC_ARC = YES;
				CLANG_WARN_BOOL_CONVERSION = YES;
				CLANG_WARN_CONSTANT_CONVERSION = YES;
				CLANG_WARN_DIRECT_OBJC_ISA_USAGE = YES_ERROR;
				CLANG_WARN_EMPTY_BODY = YES;
				CLANG_WARN_ENUM_CONVERSION = YES;
				CLANG_WARN_INT_CONVERSION = YES;
				CLANG_WARN_OBJC_ROOT_CLASS = YES_ERROR;
				CLANG_WARN_UNREACHABLE_CODE = YES;
				CLANG_WARN__DUPLICATE_METHOD_MATCH = YES;
				"CODE_SIGN_IDENTITY[sdk=iphoneos*]" = "iPhone Developer";
				COPY_PHASE_STRIP = NO;
				DEBUG_INFORMATION_FORMAT = dwarf;
				ENABLE_STRICT_OBJC_MSGSEND = YES;
				ENABLE_TESTABILITY = YES;
				GCC_C_LANGUAGE_STANDARD = gnu99;
				GCC_DYNAMIC_NO_PIC = NO;
				GCC_NO_COMMON_BLOCKS = YES;
				GCC_OPTIMIZATION_LEVEL = 0;
				GCC_PREPROCESSOR_DEFINITIONS = (
					"DEBUG=1",
					"$(inherited)",
				);
				GCC_WARN_64_TO_32_BIT_CONVERSION = YES;
				GCC_WARN_ABOUT_RETURN_TYPE = YES_ERROR;
				GCC_WARN_UNDECLARED_SELECTOR = YES;
				GCC_WARN_UNINITIALIZED_AUTOS = YES_AGGRESSIVE;
				GCC_WARN_UNUSED_FUNCTION = YES;
				GCC_WARN_UNUSED_VARIABLE = YES;
				IPHONEOS_DEPLOYMENT_TARGET = 9.1;
				MTL_ENABLE_DEBUG_INFO = YES;
				ONLY_ACTIVE_ARCH = YES;
				SDKROOT = iphoneos;
				TARGETED_DEVICE_FAMILY = "1,2";
			};
			name = Debug;
		};
		FF0C20C01C07F64900A28034 /* Release */ = {
			isa = XCBuildConfiguration;
			buildSettings = {
				ALWAYS_SEARCH_USER_PATHS = NO;
				CLANG_CXX_LANGUAGE_STANDARD = "gnu++0x";
				CLANG_CXX_LIBRARY = "libc++";
				CLANG_ENABLE_MODULES = YES;
				CLANG_ENABLE_OBJC_ARC = YES;
				CLANG_WARN_BOOL_CONVERSION = YES;
				CLANG_WARN_CONSTANT_CONVERSION = YES;
				CLANG_WARN_DIRECT_OBJC_ISA_USAGE = YES_ERROR;
				CLANG_WARN_EMPTY_BODY = YES;
				CLANG_WARN_ENUM_CONVERSION = YES;
				CLANG_WARN_INT_CONVERSION = YES;
				CLANG_WARN_OBJC_ROOT_CLASS = YES_ERROR;
				CLANG_WARN_UNREACHABLE_CODE = YES;
				CLANG_WARN__DUPLICATE_METHOD_MATCH = YES;
				"CODE_SIGN_IDENTITY[sdk=iphoneos*]" = "iPhone Developer";
				COPY_PHASE_STRIP = NO;
				DEBUG_INFORMATION_FORMAT = "dwarf-with-dsym";
				ENABLE_NS_ASSERTIONS = NO;
				ENABLE_STRICT_OBJC_MSGSEND = YES;
				GCC_C_LANGUAGE_STANDARD = gnu99;
				GCC_NO_COMMON_BLOCKS = YES;
				GCC_WARN_64_TO_32_BIT_CONVERSION = YES;
				GCC_WARN_ABOUT_RETURN_TYPE = YES_ERROR;
				GCC_WARN_UNDECLARED_SELECTOR = YES;
				GCC_WARN_UNINITIALIZED_AUTOS = YES_AGGRESSIVE;
				GCC_WARN_UNUSED_FUNCTION = YES;
				GCC_WARN_UNUSED_VARIABLE = YES;
				IPHONEOS_DEPLOYMENT_TARGET = 9.1;
				MTL_ENABLE_DEBUG_INFO = NO;
				SDKROOT = iphoneos;
				TARGETED_DEVICE_FAMILY = "1,2";
				VALIDATE_PRODUCT = YES;
			};
			name = Release;
		};
		FF0C20C21C07F64900A28034 /* Debug */ = {
			isa = XCBuildConfiguration;
			buildSettings = {
				ASSETCATALOG_COMPILER_APPICON_NAME = AppIcon;
				INFOPLIST_FILE = HPPasscodeView/Info.plist;
				LD_RUNPATH_SEARCH_PATHS = "$(inherited) @executable_path/Frameworks";
				PRODUCT_BUNDLE_IDENTIFIER = Personal.HPPasscodeView;
				PRODUCT_NAME = "$(TARGET_NAME)";
			};
			name = Debug;
		};
		FF0C20C31C07F64900A28034 /* Release */ = {
			isa = XCBuildConfiguration;
			buildSettings = {
				ASSETCATALOG_COMPILER_APPICON_NAME = AppIcon;
				INFOPLIST_FILE = HPPasscodeView/Info.plist;
				LD_RUNPATH_SEARCH_PATHS = "$(inherited) @executable_path/Frameworks";
				PRODUCT_BUNDLE_IDENTIFIER = Personal.HPPasscodeView;
				PRODUCT_NAME = "$(TARGET_NAME)";
			};
			name = Release;
		};
/* End XCBuildConfiguration section */

/* Begin XCConfigurationList section */
		FF0C20A21C07F64900A28034 /* Build configuration list for PBXProject "HPPasscodeView" */ = {
			isa = XCConfigurationList;
			buildConfigurations = (
				FF0C20BF1C07F64900A28034 /* Debug */,
				FF0C20C01C07F64900A28034 /* Release */,
			);
			defaultConfigurationIsVisible = 0;
			defaultConfigurationName = Release;
		};
		FF0C20C11C07F64900A28034 /* Build configuration list for PBXNativeTarget "HPPasscodeView" */ = {
			isa = XCConfigurationList;
			buildConfigurations = (
				FF0C20C21C07F64900A28034 /* Debug */,
				FF0C20C31C07F64900A28034 /* Release */,
			);
			defaultConfigurationIsVisible = 0;
			defaultConfigurationName = Release;
		};
/* End XCConfigurationList section */

/* Begin XCVersionGroup section */
		FF0C20B61C07F64900A28034 /* HPPasscodeView.xcdatamodeld */ = {
			isa = XCVersionGroup;
			children = (
				FF0C20B71C07F64900A28034 /* HPPasscodeView.xcdatamodel */,
			);
			currentVersion = FF0C20B71C07F64900A28034 /* HPPasscodeView.xcdatamodel */;
			path = HPPasscodeView.xcdatamodeld;
			sourceTree = "<group>";
			versionGroupType = wrapper.xcdatamodel;
		};
/* End XCVersionGroup section */
	};
	rootObject = FF0C209F1C07F64900A28034 /* Project object */;
}
